
Microsoft Visual Studio Solution File, Format Version 12.00
# Visual Studio Version 17
VisualStudioVersion = 17.14.36518.9 d17.14
MinimumVisualStudioVersion = 10.0.40219.1
Project("{FAE04EC0-301F-11D3-BF4B-00C04F79EFBC}") = "CAI_GrupoA_", "CAI_GrupoA_.csproj", "{8F8114EF-08E9-4C81-B20D-F5234754B72B}"
EndProject
Global
	GlobalSection(SolutionConfigurationPlatforms) = preSolution
		Debug|Any CPU = Debug|Any CPU
		Release|Any CPU = Release|Any CPU
	EndGlobalSection
	GlobalSection(ProjectConfigurationPlatforms) = postSolution
		{8F8114EF-08E9-4C81-B20D-F5234754B72B}.Debug|Any CPU.ActiveCfg = Debug|Any CPU
		{8F8114EF-08E9-4C81-B20D-F5234754B72B}.Debug|Any CPU.Build.0 = Debug|Any CPU
		{8F8114EF-08E9-4C81-B20D-F5234754B72B}.Release|Any CPU.ActiveCfg = Release|Any CPU
		{8F8114EF-08E9-4C81-B20D-F5234754B72B}.Release|Any CPU.Build.0 = Release|Any CPU
	EndGlobalSection
	GlobalSection(SolutionProperties) = preSolution
		HideSolutionNode = FALSE
	EndGlobalSection
	GlobalSection(ExtensibilityGlobals) = postSolution
		SolutionGuid = {5A47717F-686F-4AD1-971C-75C176ADE138}
	EndGlobalSection
EndGlobal
